
Microsoft Visual Studio Solution File, Format Version 12.00
# Visual Studio Version 17
VisualStudioVersion = 17.10.35027.167
MinimumVisualStudioVersion = 10.0.40219.1
Project("{FAE04EC0-301F-11D3-BF4B-00C04F79EFBC}") = "TestAudio", "TestAudio\TestAudio.csproj", "{A76104B0-40D3-49AB-878B-7CC82F15226B}"
EndProject
Global
	GlobalSection(SolutionConfigurationPlatforms) = preSolution
		Debug|Any CPU = Debug|Any CPU
		Release|Any CPU = Release|Any CPU
	EndGlobalSection
	GlobalSection(ProjectConfigurationPlatforms) = postSolution
		{A76104B0-40D3-49AB-878B-7CC82F15226B}.Debug|Any CPU.ActiveCfg = Debug|Any CPU
		{A76104B0-40D3-49AB-878B-7CC82F15226B}.Debug|Any CPU.Build.0 = Debug|Any CPU
		{A76104B0-40D3-49AB-878B-7CC82F15226B}.Release|Any CPU.ActiveCfg = Release|Any CPU
		{A76104B0-40D3-49AB-878B-7CC82F15226B}.Release|Any CPU.Build.0 = Release|Any CPU
	EndGlobalSection
	GlobalSection(SolutionProperties) = preSolution
		HideSolutionNode = FALSE
	EndGlobalSection
	GlobalSection(ExtensibilityGlobals) = postSolution
		SolutionGuid = {68395F42-551A-4E22-B329-882C30AAC2AB}
	EndGlobalSection
EndGlobal
