
Microsoft Visual Studio Solution File, Format Version 12.00
# Visual Studio Version 17
VisualStudioVersion = 17.10.35013.160
MinimumVisualStudioVersion = 10.0.40219.1
Project("{FAE04EC0-301F-11D3-BF4B-00C04F79EFBC}") = "RestaurantGuestGame", "RestaurantGuestGame\RestaurantGuestGame.csproj", "{7A5C16FE-19FC-4037-907C-3054776E9E04}"
EndProject
Global
	GlobalSection(SolutionConfigurationPlatforms) = preSolution
		Debug|Any CPU = Debug|Any CPU
		Release|Any CPU = Release|Any CPU
	EndGlobalSection
	GlobalSection(ProjectConfigurationPlatforms) = postSolution
		{7A5C16FE-19FC-4037-907C-3054776E9E04}.Debug|Any CPU.ActiveCfg = Debug|Any CPU
		{7A5C16FE-19FC-4037-907C-3054776E9E04}.Debug|Any CPU.Build.0 = Debug|Any CPU
		{7A5C16FE-19FC-4037-907C-3054776E9E04}.Release|Any CPU.ActiveCfg = Release|Any CPU
		{7A5C16FE-19FC-4037-907C-3054776E9E04}.Release|Any CPU.Build.0 = Release|Any CPU
	EndGlobalSection
	GlobalSection(SolutionProperties) = preSolution
		HideSolutionNode = FALSE
	EndGlobalSection
	GlobalSection(ExtensibilityGlobals) = postSolution
		SolutionGuid = {826695C8-4E22-4099-8097-5C2FFF5FA30A}
	EndGlobalSection
EndGlobal
