
Microsoft Visual Studio Solution File, Format Version 12.00
# Visual Studio Version 17
VisualStudioVersion = 17.10.35013.160
MinimumVisualStudioVersion = 10.0.40219.1
Project("{FAE04EC0-301F-11D3-BF4B-00C04F79EFBC}") = "ExtensionMethods", "ExtensionMethods\ExtensionMethods.csproj", "{07573957-AE1C-42AA-8FDB-B2139FCA912E}"
EndProject
Global
	GlobalSection(SolutionConfigurationPlatforms) = preSolution
		Debug|Any CPU = Debug|Any CPU
		Release|Any CPU = Release|Any CPU
	EndGlobalSection
	GlobalSection(ProjectConfigurationPlatforms) = postSolution
		{07573957-AE1C-42AA-8FDB-B2139FCA912E}.Debug|Any CPU.ActiveCfg = Debug|Any CPU
		{07573957-AE1C-42AA-8FDB-B2139FCA912E}.Debug|Any CPU.Build.0 = Debug|Any CPU
		{07573957-AE1C-42AA-8FDB-B2139FCA912E}.Release|Any CPU.ActiveCfg = Release|Any CPU
		{07573957-AE1C-42AA-8FDB-B2139FCA912E}.Release|Any CPU.Build.0 = Release|Any CPU
	EndGlobalSection
	GlobalSection(SolutionProperties) = preSolution
		HideSolutionNode = FALSE
	EndGlobalSection
	GlobalSection(ExtensibilityGlobals) = postSolution
		SolutionGuid = {49836DD2-73D8-493B-A01A-7CFA4ED6FC4C}
	EndGlobalSection
EndGlobal
