
Microsoft Visual Studio Solution File, Format Version 12.00
# Visual Studio Version 17
VisualStudioVersion = 17.10.35027.167
MinimumVisualStudioVersion = 10.0.40219.1
Project("{FAE04EC0-301F-11D3-BF4B-00C04F79EFBC}") = "LibraryManagement.ConsoleUI", "LibraryManagement.ConsoleUI\LibraryManagement.ConsoleUI.csproj", "{D2231FDD-91B6-4A09-BF0C-59BE1E2DB536}"
EndProject
Project("{FAE04EC0-301F-11D3-BF4B-00C04F79EFBC}") = "LibraryManagement.Core", "LibraryManagement.Core\LibraryManagement.Core.csproj", "{8032B18A-CFAE-4EB8-8E80-35AB622DE0EF}"
EndProject
Project("{FAE04EC0-301F-11D3-BF4B-00C04F79EFBC}") = "LibraryManagement.Data", "LibraryManagement.Data\LibraryManagement.Data.csproj", "{C21C1B69-AA79-48D2-9DAF-AC442B2B6126}"
EndProject
Project("{FAE04EC0-301F-11D3-BF4B-00C04F79EFBC}") = "LibraryManagement.Application", "LibraryManagement.Application\LibraryManagement.Application.csproj", "{D0583976-AB12-4761-8E22-3DF4C13B1DFB}"
EndProject
Global
	GlobalSection(SolutionConfigurationPlatforms) = preSolution
		Debug|Any CPU = Debug|Any CPU
		Release|Any CPU = Release|Any CPU
	EndGlobalSection
	GlobalSection(ProjectConfigurationPlatforms) = postSolution
		{D2231FDD-91B6-4A09-BF0C-59BE1E2DB536}.Debug|Any CPU.ActiveCfg = Debug|Any CPU
		{D2231FDD-91B6-4A09-BF0C-59BE1E2DB536}.Debug|Any CPU.Build.0 = Debug|Any CPU
		{D2231FDD-91B6-4A09-BF0C-59BE1E2DB536}.Release|Any CPU.ActiveCfg = Release|Any CPU
		{D2231FDD-91B6-4A09-BF0C-59BE1E2DB536}.Release|Any CPU.Build.0 = Release|Any CPU
		{8032B18A-CFAE-4EB8-8E80-35AB622DE0EF}.Debug|Any CPU.ActiveCfg = Debug|Any CPU
		{8032B18A-CFAE-4EB8-8E80-35AB622DE0EF}.Debug|Any CPU.Build.0 = Debug|Any CPU
		{8032B18A-CFAE-4EB8-8E80-35AB622DE0EF}.Release|Any CPU.ActiveCfg = Release|Any CPU
		{8032B18A-CFAE-4EB8-8E80-35AB622DE0EF}.Release|Any CPU.Build.0 = Release|Any CPU
		{C21C1B69-AA79-48D2-9DAF-AC442B2B6126}.Debug|Any CPU.ActiveCfg = Debug|Any CPU
		{C21C1B69-AA79-48D2-9DAF-AC442B2B6126}.Debug|Any CPU.Build.0 = Debug|Any CPU
		{C21C1B69-AA79-48D2-9DAF-AC442B2B6126}.Release|Any CPU.ActiveCfg = Release|Any CPU
		{C21C1B69-AA79-48D2-9DAF-AC442B2B6126}.Release|Any CPU.Build.0 = Release|Any CPU
		{D0583976-AB12-4761-8E22-3DF4C13B1DFB}.Debug|Any CPU.ActiveCfg = Debug|Any CPU
		{D0583976-AB12-4761-8E22-3DF4C13B1DFB}.Debug|Any CPU.Build.0 = Debug|Any CPU
		{D0583976-AB12-4761-8E22-3DF4C13B1DFB}.Release|Any CPU.ActiveCfg = Release|Any CPU
		{D0583976-AB12-4761-8E22-3DF4C13B1DFB}.Release|Any CPU.Build.0 = Release|Any CPU
	EndGlobalSection
	GlobalSection(SolutionProperties) = preSolution
		HideSolutionNode = FALSE
	EndGlobalSection
	GlobalSection(ExtensibilityGlobals) = postSolution
		SolutionGuid = {4B7B2B45-3E16-4296-894D-7AB28A8D3592}
	EndGlobalSection
EndGlobal
