
Microsoft Visual Studio Solution File, Format Version 12.00
# Visual Studio Version 17
VisualStudioVersion = 17.10.35013.160
MinimumVisualStudioVersion = 10.0.40219.1
Project("{FAE04EC0-301F-11D3-BF4B-00C04F79EFBC}") = "GroceryListManager", "GroceryListManager\GroceryListManager.csproj", "{6422AD8C-C83F-4D5E-90C0-000159E37A5A}"
EndProject
Global
	GlobalSection(SolutionConfigurationPlatforms) = preSolution
		Debug|Any CPU = Debug|Any CPU
		Release|Any CPU = Release|Any CPU
	EndGlobalSection
	GlobalSection(ProjectConfigurationPlatforms) = postSolution
		{6422AD8C-C83F-4D5E-90C0-000159E37A5A}.Debug|Any CPU.ActiveCfg = Debug|Any CPU
		{6422AD8C-C83F-4D5E-90C0-000159E37A5A}.Debug|Any CPU.Build.0 = Debug|Any CPU
		{6422AD8C-C83F-4D5E-90C0-000159E37A5A}.Release|Any CPU.ActiveCfg = Release|Any CPU
		{6422AD8C-C83F-4D5E-90C0-000159E37A5A}.Release|Any CPU.Build.0 = Release|Any CPU
	EndGlobalSection
	GlobalSection(SolutionProperties) = preSolution
		HideSolutionNode = FALSE
	EndGlobalSection
	GlobalSection(ExtensibilityGlobals) = postSolution
		SolutionGuid = {6ACDAA18-5B57-4248-8070-39C2B56B3F7E}
	EndGlobalSection
EndGlobal
