
Microsoft Visual Studio Solution File, Format Version 12.00
# Visual Studio Version 17
VisualStudioVersion = 17.10.35013.160
MinimumVisualStudioVersion = 10.0.40219.1
Project("{FAE04EC0-301F-11D3-BF4B-00C04F79EFBC}") = "Exceptions", "Exceptions\Exceptions.csproj", "{EB28A431-EF4C-4D6A-8FF8-7A8D52BE22D2}"
EndProject
Global
	GlobalSection(SolutionConfigurationPlatforms) = preSolution
		Debug|Any CPU = Debug|Any CPU
		Release|Any CPU = Release|Any CPU
	EndGlobalSection
	GlobalSection(ProjectConfigurationPlatforms) = postSolution
		{EB28A431-EF4C-4D6A-8FF8-7A8D52BE22D2}.Debug|Any CPU.ActiveCfg = Debug|Any CPU
		{EB28A431-EF4C-4D6A-8FF8-7A8D52BE22D2}.Debug|Any CPU.Build.0 = Debug|Any CPU
		{EB28A431-EF4C-4D6A-8FF8-7A8D52BE22D2}.Release|Any CPU.ActiveCfg = Release|Any CPU
		{EB28A431-EF4C-4D6A-8FF8-7A8D52BE22D2}.Release|Any CPU.Build.0 = Release|Any CPU
	EndGlobalSection
	GlobalSection(SolutionProperties) = preSolution
		HideSolutionNode = FALSE
	EndGlobalSection
	GlobalSection(ExtensibilityGlobals) = postSolution
		SolutionGuid = {D37A4116-9379-434A-BB2A-20D0772777BA}
	EndGlobalSection
EndGlobal
